
Microsoft Visual Studio Solution File, Format Version 12.00
# Visual Studio Version 17
VisualStudioVersion = 17.14.36414.22
MinimumVisualStudioVersion = 10.0.40219.1
Project("{FAE04EC0-301F-11D3-BF4B-00C04F79EFBC}") = "PosHC.web", "PosHC.web\PosHC.web.csproj", "{8EF82991-AB2A-4F29-90C3-BA90780F4772}"
EndProject
Project("{FAE04EC0-301F-11D3-BF4B-00C04F79EFBC}") = "PosHC.Application", "PosHC.Application\PosHC.Application.csproj", "{05CD2CB0-D672-4C65-8D9C-935DB1444640}"
EndProject
Global
	GlobalSection(SolutionConfigurationPlatforms) = preSolution
		Debug|Any CPU = Debug|Any CPU
		Release|Any CPU = Release|Any CPU
	EndGlobalSection
	GlobalSection(ProjectConfigurationPlatforms) = postSolution
		{8EF82991-AB2A-4F29-90C3-BA90780F4772}.Debug|Any CPU.ActiveCfg = Debug|Any CPU
		{8EF82991-AB2A-4F29-90C3-BA90780F4772}.Debug|Any CPU.Build.0 = Debug|Any CPU
		{8EF82991-AB2A-4F29-90C3-BA90780F4772}.Release|Any CPU.ActiveCfg = Release|Any CPU
		{8EF82991-AB2A-4F29-90C3-BA90780F4772}.Release|Any CPU.Build.0 = Release|Any CPU
		{05CD2CB0-D672-4C65-8D9C-935DB1444640}.Debug|Any CPU.ActiveCfg = Debug|Any CPU
		{05CD2CB0-D672-4C65-8D9C-935DB1444640}.Debug|Any CPU.Build.0 = Debug|Any CPU
		{05CD2CB0-D672-4C65-8D9C-935DB1444640}.Release|Any CPU.ActiveCfg = Release|Any CPU
		{05CD2CB0-D672-4C65-8D9C-935DB1444640}.Release|Any CPU.Build.0 = Release|Any CPU
	EndGlobalSection
	GlobalSection(SolutionProperties) = preSolution
		HideSolutionNode = FALSE
	EndGlobalSection
	GlobalSection(ExtensibilityGlobals) = postSolution
		SolutionGuid = {2CE684D2-2969-4914-9C14-D737C02EEEFF}
	EndGlobalSection
EndGlobal
